
Microsoft Visual Studio Solution File, Format Version 12.00
# Visual Studio Version 17
VisualStudioVersion = 17.10.35027.167
MinimumVisualStudioVersion = 10.0.40219.1
Project("{9A19103F-16F7-4668-BE54-9A1E7A4F7556}") = "PM3Events.Api", "PM3Events.Api\PM3Events.Api.csproj", "{852187B3-11AA-416F-A6B8-718C8E3B1384}"
EndProject
Project("{9A19103F-16F7-4668-BE54-9A1E7A4F7556}") = "PM3Events.Web", "PM3Events.Web\PM3Events.Web.csproj", "{FD1CA0BA-A39A-4792-A323-2903E1467C37}"
EndProject
Project("{FAE04EC0-301F-11D3-BF4B-00C04F79EFBC}") = "PM3Events.Api.Core", "PM3Events.Api.Core\PM3Events.Api.Core.csproj", "{2B8C17CE-99DF-4C5D-9931-7AE6DF170E02}"
EndProject
Project("{FAE04EC0-301F-11D3-BF4B-00C04F79EFBC}") = "PM3Events.Api.Extensions", "PM3Events.Api.Extensions\PM3Events.Api.Extensions.csproj", "{9A06FB1C-58E8-4E4B-92C3-4F79DEBD0886}"
EndProject
Project("{FAE04EC0-301F-11D3-BF4B-00C04F79EFBC}") = "PM3Events.Core", "PM3Events.Core\PM3Events.Core.csproj", "{445FE5CA-225D-48F9-B43B-F138556D18C0}"
EndProject
Global
	GlobalSection(SolutionConfigurationPlatforms) = preSolution
		Debug|Any CPU = Debug|Any CPU
		Release|Any CPU = Release|Any CPU
	EndGlobalSection
	GlobalSection(ProjectConfigurationPlatforms) = postSolution
		{852187B3-11AA-416F-A6B8-718C8E3B1384}.Debug|Any CPU.ActiveCfg = Debug|Any CPU
		{852187B3-11AA-416F-A6B8-718C8E3B1384}.Debug|Any CPU.Build.0 = Debug|Any CPU
		{852187B3-11AA-416F-A6B8-718C8E3B1384}.Release|Any CPU.ActiveCfg = Release|Any CPU
		{852187B3-11AA-416F-A6B8-718C8E3B1384}.Release|Any CPU.Build.0 = Release|Any CPU
		{FD1CA0BA-A39A-4792-A323-2903E1467C37}.Debug|Any CPU.ActiveCfg = Debug|Any CPU
		{FD1CA0BA-A39A-4792-A323-2903E1467C37}.Debug|Any CPU.Build.0 = Debug|Any CPU
		{FD1CA0BA-A39A-4792-A323-2903E1467C37}.Release|Any CPU.ActiveCfg = Release|Any CPU
		{FD1CA0BA-A39A-4792-A323-2903E1467C37}.Release|Any CPU.Build.0 = Release|Any CPU
		{2B8C17CE-99DF-4C5D-9931-7AE6DF170E02}.Debug|Any CPU.ActiveCfg = Debug|Any CPU
		{2B8C17CE-99DF-4C5D-9931-7AE6DF170E02}.Debug|Any CPU.Build.0 = Debug|Any CPU
		{2B8C17CE-99DF-4C5D-9931-7AE6DF170E02}.Release|Any CPU.ActiveCfg = Release|Any CPU
		{2B8C17CE-99DF-4C5D-9931-7AE6DF170E02}.Release|Any CPU.Build.0 = Release|Any CPU
		{9A06FB1C-58E8-4E4B-92C3-4F79DEBD0886}.Debug|Any CPU.ActiveCfg = Debug|Any CPU
		{9A06FB1C-58E8-4E4B-92C3-4F79DEBD0886}.Debug|Any CPU.Build.0 = Debug|Any CPU
		{9A06FB1C-58E8-4E4B-92C3-4F79DEBD0886}.Release|Any CPU.ActiveCfg = Release|Any CPU
		{9A06FB1C-58E8-4E4B-92C3-4F79DEBD0886}.Release|Any CPU.Build.0 = Release|Any CPU
		{445FE5CA-225D-48F9-B43B-F138556D18C0}.Debug|Any CPU.ActiveCfg = Debug|Any CPU
		{445FE5CA-225D-48F9-B43B-F138556D18C0}.Debug|Any CPU.Build.0 = Debug|Any CPU
		{445FE5CA-225D-48F9-B43B-F138556D18C0}.Release|Any CPU.ActiveCfg = Release|Any CPU
		{445FE5CA-225D-48F9-B43B-F138556D18C0}.Release|Any CPU.Build.0 = Release|Any CPU
	EndGlobalSection
	GlobalSection(SolutionProperties) = preSolution
		HideSolutionNode = FALSE
	EndGlobalSection
	GlobalSection(ExtensibilityGlobals) = postSolution
		SolutionGuid = {85E7C780-7E71-430A-97B3-68DDCB9583FB}
	EndGlobalSection
EndGlobal
